
Microsoft Visual Studio Solution File, Format Version 12.00
# Visual Studio Version 17
VisualStudioVersion = 17.11.35219.272
MinimumVisualStudioVersion = 10.0.40219.1
Project("{9A19103F-16F7-4668-BE54-9A1E7A4F7556}") = "Sham4", "Sham4\Sham4.csproj", "{8CE2547B-FACA-4152-B897-C88A301DF083}"
EndProject
Project("{FAE04EC0-301F-11D3-BF4B-00C04F79EFBC}") = "Assignments", "Assignments\Assignments.csproj", "{FC01CC12-F840-4BC9-91AB-B73AFB48E4D4}"
EndProject
Global
	GlobalSection(SolutionConfigurationPlatforms) = preSolution
		Debug|Any CPU = Debug|Any CPU
		Release|Any CPU = Release|Any CPU
	EndGlobalSection
	GlobalSection(ProjectConfigurationPlatforms) = postSolution
		{8CE2547B-FACA-4152-B897-C88A301DF083}.Debug|Any CPU.ActiveCfg = Debug|Any CPU
		{8CE2547B-FACA-4152-B897-C88A301DF083}.Debug|Any CPU.Build.0 = Debug|Any CPU
		{8CE2547B-FACA-4152-B897-C88A301DF083}.Release|Any CPU.ActiveCfg = Release|Any CPU
		{8CE2547B-FACA-4152-B897-C88A301DF083}.Release|Any CPU.Build.0 = Release|Any CPU
		{FC01CC12-F840-4BC9-91AB-B73AFB48E4D4}.Debug|Any CPU.ActiveCfg = Debug|Any CPU
		{FC01CC12-F840-4BC9-91AB-B73AFB48E4D4}.Debug|Any CPU.Build.0 = Debug|Any CPU
		{FC01CC12-F840-4BC9-91AB-B73AFB48E4D4}.Release|Any CPU.ActiveCfg = Release|Any CPU
		{FC01CC12-F840-4BC9-91AB-B73AFB48E4D4}.Release|Any CPU.Build.0 = Release|Any CPU
	EndGlobalSection
	GlobalSection(SolutionProperties) = preSolution
		HideSolutionNode = FALSE
	EndGlobalSection
	GlobalSection(ExtensibilityGlobals) = postSolution
		SolutionGuid = {30B992D0-0433-4376-BED7-D44A15C149A4}
	EndGlobalSection
EndGlobal
